
Microsoft Visual Studio Solution File, Format Version 12.00
# Visual Studio Version 17
VisualStudioVersion = 17.4.33213.308
MinimumVisualStudioVersion = 10.0.40219.1
Project("{FAE04EC0-301F-11D3-BF4B-00C04F79EFBC}") = "Lms.Api", "Lms.Api.csproj", "{AE9B6D2A-EEB1-4BE5-B2E9-6F5DC227652A}"
EndProject
Project("{FAE04EC0-301F-11D3-BF4B-00C04F79EFBC}") = "Lms.Core", "..\Lms.Core\Lms.Core.csproj", "{08C25AD3-0589-4134-BA3D-FA2FCCA93460}"
EndProject
Project("{FAE04EC0-301F-11D3-BF4B-00C04F79EFBC}") = "Lms.Data", "..\Lms.Data\Lms.Data.csproj", "{0355ACC8-7386-48C0-9FCC-E6C23C295BD9}"
EndProject
Global
	GlobalSection(SolutionConfigurationPlatforms) = preSolution
		Debug|Any CPU = Debug|Any CPU
		Release|Any CPU = Release|Any CPU
	EndGlobalSection
	GlobalSection(ProjectConfigurationPlatforms) = postSolution
		{AE9B6D2A-EEB1-4BE5-B2E9-6F5DC227652A}.Debug|Any CPU.ActiveCfg = Debug|Any CPU
		{AE9B6D2A-EEB1-4BE5-B2E9-6F5DC227652A}.Debug|Any CPU.Build.0 = Debug|Any CPU
		{AE9B6D2A-EEB1-4BE5-B2E9-6F5DC227652A}.Release|Any CPU.ActiveCfg = Release|Any CPU
		{AE9B6D2A-EEB1-4BE5-B2E9-6F5DC227652A}.Release|Any CPU.Build.0 = Release|Any CPU
		{08C25AD3-0589-4134-BA3D-FA2FCCA93460}.Debug|Any CPU.ActiveCfg = Debug|Any CPU
		{08C25AD3-0589-4134-BA3D-FA2FCCA93460}.Debug|Any CPU.Build.0 = Debug|Any CPU
		{08C25AD3-0589-4134-BA3D-FA2FCCA93460}.Release|Any CPU.ActiveCfg = Release|Any CPU
		{08C25AD3-0589-4134-BA3D-FA2FCCA93460}.Release|Any CPU.Build.0 = Release|Any CPU
		{0355ACC8-7386-48C0-9FCC-E6C23C295BD9}.Debug|Any CPU.ActiveCfg = Debug|Any CPU
		{0355ACC8-7386-48C0-9FCC-E6C23C295BD9}.Debug|Any CPU.Build.0 = Debug|Any CPU
		{0355ACC8-7386-48C0-9FCC-E6C23C295BD9}.Release|Any CPU.ActiveCfg = Release|Any CPU
		{0355ACC8-7386-48C0-9FCC-E6C23C295BD9}.Release|Any CPU.Build.0 = Release|Any CPU
	EndGlobalSection
	GlobalSection(SolutionProperties) = preSolution
		HideSolutionNode = FALSE
	EndGlobalSection
	GlobalSection(ExtensibilityGlobals) = postSolution
		SolutionGuid = {A1F4C673-0BE9-49B7-A593-6DB578A8F045}
	EndGlobalSection
EndGlobal
